
Microsoft Visual Studio Solution File, Format Version 12.00
# Visual Studio Version 17
VisualStudioVersion = 17.9.34902.65
MinimumVisualStudioVersion = 10.0.40219.1
Project("{FAE04EC0-301F-11D3-BF4B-00C04F79EFBC}") = "API", "src\API\API.csproj", "{7F120E46-C9E6-4FF9-8C70-5F81D208D552}"
EndProject
Project("{FAE04EC0-301F-11D3-BF4B-00C04F79EFBC}") = "Domain", "src\Domain\Domain.csproj", "{BBBCBD2E-CB47-42A1-8F52-6EEC54091CEE}"
EndProject
Project("{FAE04EC0-301F-11D3-BF4B-00C04F79EFBC}") = "Infrastructure", "src\Infrastructure\Infrastructure.csproj", "{91BE57A5-498B-4E7A-9825-EB1BA8504E9E}"
EndProject
Project("{FAE04EC0-301F-11D3-BF4B-00C04F79EFBC}") = "Application", "src\Application\Application.csproj", "{0F5C4F4B-2D61-44F1-B4E2-7B0EB1A540AC}"
EndProject
Global
	GlobalSection(SolutionConfigurationPlatforms) = preSolution
		Debug|Any CPU = Debug|Any CPU
		Release|Any CPU = Release|Any CPU
	EndGlobalSection
	GlobalSection(ProjectConfigurationPlatforms) = postSolution
		{7F120E46-C9E6-4FF9-8C70-5F81D208D552}.Debug|Any CPU.ActiveCfg = Debug|Any CPU
		{7F120E46-C9E6-4FF9-8C70-5F81D208D552}.Debug|Any CPU.Build.0 = Debug|Any CPU
		{7F120E46-C9E6-4FF9-8C70-5F81D208D552}.Release|Any CPU.ActiveCfg = Release|Any CPU
		{7F120E46-C9E6-4FF9-8C70-5F81D208D552}.Release|Any CPU.Build.0 = Release|Any CPU
		{BBBCBD2E-CB47-42A1-8F52-6EEC54091CEE}.Debug|Any CPU.ActiveCfg = Debug|Any CPU
		{BBBCBD2E-CB47-42A1-8F52-6EEC54091CEE}.Debug|Any CPU.Build.0 = Debug|Any CPU
		{BBBCBD2E-CB47-42A1-8F52-6EEC54091CEE}.Release|Any CPU.ActiveCfg = Release|Any CPU
		{BBBCBD2E-CB47-42A1-8F52-6EEC54091CEE}.Release|Any CPU.Build.0 = Release|Any CPU
		{91BE57A5-498B-4E7A-9825-EB1BA8504E9E}.Debug|Any CPU.ActiveCfg = Debug|Any CPU
		{91BE57A5-498B-4E7A-9825-EB1BA8504E9E}.Debug|Any CPU.Build.0 = Debug|Any CPU
		{91BE57A5-498B-4E7A-9825-EB1BA8504E9E}.Release|Any CPU.ActiveCfg = Release|Any CPU
		{91BE57A5-498B-4E7A-9825-EB1BA8504E9E}.Release|Any CPU.Build.0 = Release|Any CPU
		{0F5C4F4B-2D61-44F1-B4E2-7B0EB1A540AC}.Debug|Any CPU.ActiveCfg = Debug|Any CPU
		{0F5C4F4B-2D61-44F1-B4E2-7B0EB1A540AC}.Debug|Any CPU.Build.0 = Debug|Any CPU
		{0F5C4F4B-2D61-44F1-B4E2-7B0EB1A540AC}.Release|Any CPU.ActiveCfg = Release|Any CPU
		{0F5C4F4B-2D61-44F1-B4E2-7B0EB1A540AC}.Release|Any CPU.Build.0 = Release|Any CPU
	EndGlobalSection
	GlobalSection(SolutionProperties) = preSolution
		HideSolutionNode = FALSE
	EndGlobalSection
	GlobalSection(ExtensibilityGlobals) = postSolution
		SolutionGuid = {4C1B0746-E15D-4DE9-8FB0-AE681CE51B94}
	EndGlobalSection
EndGlobal
